
Microsoft Visual Studio Solution File, Format Version 12.00
# Visual Studio 15
VisualStudioVersion = 15.0.28307.1622
MinimumVisualStudioVersion = 10.0.40219.1
Project("{8BC9CEB8-8B4A-11D0-8D11-00A0C91BC942}") = "Mila", "Mila.vcxproj", "{B5BD4AB2-1002-4571-B2FE-BE7EA126FCD5}"
EndProject
Global
	GlobalSection(SolutionConfigurationPlatforms) = preSolution
		Debug|x86 = Debug|x86
		Release|x86 = Release|x86
	EndGlobalSection
	GlobalSection(ProjectConfigurationPlatforms) = postSolution
		{B5BD4AB2-1002-4571-B2FE-BE7EA126FCD5}.Debug|x86.ActiveCfg = Debug|Win32
		{B5BD4AB2-1002-4571-B2FE-BE7EA126FCD5}.Debug|x86.Build.0 = Debug|Win32
		{B5BD4AB2-1002-4571-B2FE-BE7EA126FCD5}.Release|x86.ActiveCfg = Release|Win32
		{B5BD4AB2-1002-4571-B2FE-BE7EA126FCD5}.Release|x86.Build.0 = Release|Win32
	EndGlobalSection
	GlobalSection(SolutionProperties) = preSolution
		HideSolutionNode = FALSE
	EndGlobalSection
	GlobalSection(ExtensibilityGlobals) = postSolution
		SolutionGuid = {72D8FD38-B76A-4E69-A30F-0F2FAD1C64DF}
	EndGlobalSection
EndGlobal
